
Microsoft Visual Studio Solution File, Format Version 12.00
# Visual Studio Version 17
VisualStudioVersion = 17.5.33424.131
MinimumVisualStudioVersion = 10.0.40219.1
Project("{9A19103F-16F7-4668-BE54-9A1E7A4F7556}") = "FlyR", "FlyR\FlyR.csproj", "{6652D155-0494-4AFC-BB53-AFED6048E903}"
EndProject
Project("{FAE04EC0-301F-11D3-BF4B-00C04F79EFBC}") = "UnitTest", "UnitTest\UnitTest.csproj", "{16F56A5A-E98B-4215-9081-082C92113EAA}"
EndProject
Global
	GlobalSection(SolutionConfigurationPlatforms) = preSolution
		Debug|Any CPU = Debug|Any CPU
		Release|Any CPU = Release|Any CPU
	EndGlobalSection
	GlobalSection(ProjectConfigurationPlatforms) = postSolution
		{6652D155-0494-4AFC-BB53-AFED6048E903}.Debug|Any CPU.ActiveCfg = Debug|Any CPU
		{6652D155-0494-4AFC-BB53-AFED6048E903}.Debug|Any CPU.Build.0 = Debug|Any CPU
		{6652D155-0494-4AFC-BB53-AFED6048E903}.Release|Any CPU.ActiveCfg = Release|Any CPU
		{6652D155-0494-4AFC-BB53-AFED6048E903}.Release|Any CPU.Build.0 = Release|Any CPU
		{16F56A5A-E98B-4215-9081-082C92113EAA}.Debug|Any CPU.ActiveCfg = Debug|Any CPU
		{16F56A5A-E98B-4215-9081-082C92113EAA}.Debug|Any CPU.Build.0 = Debug|Any CPU
		{16F56A5A-E98B-4215-9081-082C92113EAA}.Release|Any CPU.ActiveCfg = Release|Any CPU
		{16F56A5A-E98B-4215-9081-082C92113EAA}.Release|Any CPU.Build.0 = Release|Any CPU
	EndGlobalSection
	GlobalSection(SolutionProperties) = preSolution
		HideSolutionNode = FALSE
	EndGlobalSection
	GlobalSection(ExtensibilityGlobals) = postSolution
		SolutionGuid = {80C7608A-4032-4125-902F-7CAD532EF88B}
	EndGlobalSection
EndGlobal
